{
  "name": "LKEnengin",
  "lockfileVersion": 2,
  "requires": true,
  "packages": {
    "": {
      "dependencies": {
        "inputmask": "^5.0.8-beta.47"
      }
    },
    "node_modules/inputmask": {
      "version": "5.0.8-beta.47",
      "resolved": "https://registry.npmjs.org/inputmask/-/inputmask-5.0.8-beta.47.tgz",
      "integrity": "sha512-muLaYYIXUcncsN43gb5MJwguik2aIwCbVpphdK/jic3FqRUj4COyEsnTuOWz9kkyjECdAvtErc9I/7c2LYYzhw=="
    }
  },
  "dependencies": {
    "inputmask": {
      "version": "5.0.8-beta.47",
      "resolved": "https://registry.npmjs.org/inputmask/-/inputmask-5.0.8-beta.47.tgz",
      "integrity": "sha512-muLaYYIXUcncsN43gb5MJwguik2aIwCbVpphdK/jic3FqRUj4COyEsnTuOWz9kkyjECdAvtErc9I/7c2LYYzhw=="
    }
  }
}
